<?xml version="1.0" encoding="utf-8"?>
<Project ToolsVersion="4.0" xmlns="http://schemas.microsoft.com/developer/msbuild/2003">
  <ItemGroup>
    <ClCompile Include="src\main.cpp" />
    <ClCompile Include="src\Audio Driver\audio_driver.cpp">
      <Filter>PortAudio</Filter>
    </ClCompile>
    <ClCompile Include="src\rtmidi\RtMidi.cpp">
      <Filter>rtmidi</Filter>
    </ClCompile>
    <ClCompile Include="passthrough_driver.cpp" />
    <ClCompile Include="generation_driver.cpp" />
    <ClCompile Include="src\sound\note_data.cpp">
      <Filter>SoundPlayer</Filter>
    </ClCompile>
    <ClCompile Include="sound_data.cpp" />
    <ClCompile Include="midi_driver.cpp" />
    <ClCompile Include="src\sound\sound_utilities.cpp" />
  </ItemGroup>
  <ItemGroup>
    <Filter Include="PortAudio">
      <UniqueIdentifier>{6a28668f-6356-4e7e-b3f1-352e7d6f5bce}</UniqueIdentifier>
    </Filter>
    <Filter Include="SoundPlayer">
      <UniqueIdentifier>{fe4de643-f775-4dcb-89e9-1abe97eb1dc9}</UniqueIdentifier>
    </Filter>
    <Filter Include="rtmidi">
      <UniqueIdentifier>{93aa3f5b-e0d1-4ffa-a0e0-3f9a67e88287}</UniqueIdentifier>
    </Filter>
  </ItemGroup>
  <ItemGroup>
    <ClInclude Include="src\Audio Driver\audio_driver.h">
      <Filter>PortAudio</Filter>
    </ClInclude>
    <ClInclude Include="src\rtmidi\RtMidi.h">
      <Filter>rtmidi</Filter>
    </ClInclude>
    <ClInclude Include="src\sound\sound_utilities.h">
      <Filter>SoundPlayer</Filter>
    </ClInclude>
    <ClInclude Include="passthrough_driver.h" />
    <ClInclude Include="generation_driver.h" />
    <ClInclude Include="src\sound\note_data.h">
      <Filter>SoundPlayer</Filter>
    </ClInclude>
    <ClInclude Include="sound_data.h" />
    <ClInclude Include="midi_driver.h" />
    <ClInclude Include="MidiMessages.h" />
  </ItemGroup>
</Project>